
Microsoft Visual Studio Solution File, Format Version 12.00
# Visual Studio 15
VisualStudioVersion = 15.0.28010.2036
MinimumVisualStudioVersion = 10.0.40219.1
Project("{FAE04EC0-301F-11D3-BF4B-00C04F79EFBC}") = "WavRider", "WavRider\WavRider.csproj", "{6E6F3A82-1414-47A2-8699-0E3584EFA871}"
EndProject
Global
	GlobalSection(SolutionConfigurationPlatforms) = preSolution
		Debug|Any CPU = Debug|Any CPU
		Release|Any CPU = Release|Any CPU
	EndGlobalSection
	GlobalSection(ProjectConfigurationPlatforms) = postSolution
		{6E6F3A82-1414-47A2-8699-0E3584EFA871}.Debug|Any CPU.ActiveCfg = Debug|Any CPU
		{6E6F3A82-1414-47A2-8699-0E3584EFA871}.Debug|Any CPU.Build.0 = Debug|Any CPU
		{6E6F3A82-1414-47A2-8699-0E3584EFA871}.Release|Any CPU.ActiveCfg = Release|Any CPU
		{6E6F3A82-1414-47A2-8699-0E3584EFA871}.Release|Any CPU.Build.0 = Release|Any CPU
	EndGlobalSection
	GlobalSection(SolutionProperties) = preSolution
		HideSolutionNode = FALSE
	EndGlobalSection
	GlobalSection(ExtensibilityGlobals) = postSolution
		SolutionGuid = {DC95A5D8-5D12-464A-B61D-268609111C20}
	EndGlobalSection
EndGlobal
